
Microsoft Visual Studio Solution File, Format Version 12.00
# Visual Studio Version 17
VisualStudioVersion = 17.3.32929.385
MinimumVisualStudioVersion = 10.0.40219.1
Project("{8BC9CEB8-8B4A-11D0-8D11-00A0C91BC942}") = "Example3", "Example3\Example3.vcxproj", "{9DFA245C-31ED-4448-8D70-86F888F5F2D4}"
EndProject
Project("{8BC9CEB8-8B4A-11D0-8D11-00A0C91BC942}") = "Example3_2", "Example3_2\Example3_2.vcxproj", "{90A3C676-0573-40D5-9BF3-90865239DB5C}"
EndProject
Global
	GlobalSection(SolutionConfigurationPlatforms) = preSolution
		Debug|x64 = Debug|x64
		Debug|x86 = Debug|x86
		Release|x64 = Release|x64
		Release|x86 = Release|x86
	EndGlobalSection
	GlobalSection(ProjectConfigurationPlatforms) = postSolution
		{9DFA245C-31ED-4448-8D70-86F888F5F2D4}.Debug|x64.ActiveCfg = Debug|x64
		{9DFA245C-31ED-4448-8D70-86F888F5F2D4}.Debug|x64.Build.0 = Debug|x64
		{9DFA245C-31ED-4448-8D70-86F888F5F2D4}.Debug|x86.ActiveCfg = Debug|Win32
		{9DFA245C-31ED-4448-8D70-86F888F5F2D4}.Debug|x86.Build.0 = Debug|Win32
		{9DFA245C-31ED-4448-8D70-86F888F5F2D4}.Release|x64.ActiveCfg = Release|x64
		{9DFA245C-31ED-4448-8D70-86F888F5F2D4}.Release|x64.Build.0 = Release|x64
		{9DFA245C-31ED-4448-8D70-86F888F5F2D4}.Release|x86.ActiveCfg = Release|Win32
		{9DFA245C-31ED-4448-8D70-86F888F5F2D4}.Release|x86.Build.0 = Release|Win32
		{90A3C676-0573-40D5-9BF3-90865239DB5C}.Debug|x64.ActiveCfg = Debug|x64
		{90A3C676-0573-40D5-9BF3-90865239DB5C}.Debug|x64.Build.0 = Debug|x64
		{90A3C676-0573-40D5-9BF3-90865239DB5C}.Debug|x86.ActiveCfg = Debug|Win32
		{90A3C676-0573-40D5-9BF3-90865239DB5C}.Debug|x86.Build.0 = Debug|Win32
		{90A3C676-0573-40D5-9BF3-90865239DB5C}.Release|x64.ActiveCfg = Release|x64
		{90A3C676-0573-40D5-9BF3-90865239DB5C}.Release|x64.Build.0 = Release|x64
		{90A3C676-0573-40D5-9BF3-90865239DB5C}.Release|x86.ActiveCfg = Release|Win32
		{90A3C676-0573-40D5-9BF3-90865239DB5C}.Release|x86.Build.0 = Release|Win32
	EndGlobalSection
	GlobalSection(SolutionProperties) = preSolution
		HideSolutionNode = FALSE
	EndGlobalSection
	GlobalSection(ExtensibilityGlobals) = postSolution
		SolutionGuid = {3E96AAC0-7F08-4954-9B5B-F70E298F5A55}
	EndGlobalSection
EndGlobal
