
Microsoft Visual Studio Solution File, Format Version 12.00
# Visual Studio Version 17
VisualStudioVersion = 17.3.32929.385
MinimumVisualStudioVersion = 10.0.40219.1
Project("{8BC9CEB8-8B4A-11D0-8D11-00A0C91BC942}") = "var10_1", "Project1\Project1.vcxproj", "{B698DBA5-4FB0-4A47-A8E4-6114F2C33B7A}"
EndProject
Project("{8BC9CEB8-8B4A-11D0-8D11-00A0C91BC942}") = "Var10_02", "Var10_02\Var10_02.vcxproj", "{D8D8BE38-3874-4494-BCD2-F9B88233493E}"
EndProject
Project("{8BC9CEB8-8B4A-11D0-8D11-00A0C91BC942}") = "Var3_01", "Var3_01\Var3_01.vcxproj", "{D3628210-F7C5-4239-893C-8324255997C7}"
EndProject
Project("{8BC9CEB8-8B4A-11D0-8D11-00A0C91BC942}") = "Var3_2", "Var3_2\Var3_2.vcxproj", "{FE713A8E-E658-46CF-9633-C78A70405365}"
EndProject
Project("{8BC9CEB8-8B4A-11D0-8D11-00A0C91BC942}") = "Var13_1", "Var13_1\Var13_1.vcxproj", "{5427AFFA-283D-42E3-A951-99C069F7CA20}"
EndProject
Project("{8BC9CEB8-8B4A-11D0-8D11-00A0C91BC942}") = "Var13_2", "Var13_2\Var13_2.vcxproj", "{4368BEBE-8674-41FF-BD6A-93EACFE3C25C}"
EndProject
Project("{8BC9CEB8-8B4A-11D0-8D11-00A0C91BC942}") = "Var4_1", "Var5_1\Var5_1.vcxproj", "{378FDF4C-E6EE-403B-8F2F-0A6CF4568D8B}"
EndProject
Project("{8BC9CEB8-8B4A-11D0-8D11-00A0C91BC942}") = "Var4_02", "Var4_02\Var4_02.vcxproj", "{7CCFA05E-5FAF-4C46-8BA1-29689D4D9C9E}"
EndProject
Project("{8BC9CEB8-8B4A-11D0-8D11-00A0C91BC942}") = "4_1", "4_1\4_1.vcxproj", "{457810F5-47A6-45D6-8408-AA5640117FC9}"
EndProject
Global
	GlobalSection(SolutionConfigurationPlatforms) = preSolution
		Debug|x64 = Debug|x64
		Debug|x86 = Debug|x86
		Release|x64 = Release|x64
		Release|x86 = Release|x86
	EndGlobalSection
	GlobalSection(ProjectConfigurationPlatforms) = postSolution
		{B698DBA5-4FB0-4A47-A8E4-6114F2C33B7A}.Debug|x64.ActiveCfg = Debug|x64
		{B698DBA5-4FB0-4A47-A8E4-6114F2C33B7A}.Debug|x64.Build.0 = Debug|x64
		{B698DBA5-4FB0-4A47-A8E4-6114F2C33B7A}.Debug|x86.ActiveCfg = Debug|Win32
		{B698DBA5-4FB0-4A47-A8E4-6114F2C33B7A}.Debug|x86.Build.0 = Debug|Win32
		{B698DBA5-4FB0-4A47-A8E4-6114F2C33B7A}.Release|x64.ActiveCfg = Release|x64
		{B698DBA5-4FB0-4A47-A8E4-6114F2C33B7A}.Release|x64.Build.0 = Release|x64
		{B698DBA5-4FB0-4A47-A8E4-6114F2C33B7A}.Release|x86.ActiveCfg = Release|Win32
		{B698DBA5-4FB0-4A47-A8E4-6114F2C33B7A}.Release|x86.Build.0 = Release|Win32
		{D8D8BE38-3874-4494-BCD2-F9B88233493E}.Debug|x64.ActiveCfg = Debug|x64
		{D8D8BE38-3874-4494-BCD2-F9B88233493E}.Debug|x64.Build.0 = Debug|x64
		{D8D8BE38-3874-4494-BCD2-F9B88233493E}.Debug|x86.ActiveCfg = Debug|Win32
		{D8D8BE38-3874-4494-BCD2-F9B88233493E}.Debug|x86.Build.0 = Debug|Win32
		{D8D8BE38-3874-4494-BCD2-F9B88233493E}.Release|x64.ActiveCfg = Release|x64
		{D8D8BE38-3874-4494-BCD2-F9B88233493E}.Release|x64.Build.0 = Release|x64
		{D8D8BE38-3874-4494-BCD2-F9B88233493E}.Release|x86.ActiveCfg = Release|Win32
		{D8D8BE38-3874-4494-BCD2-F9B88233493E}.Release|x86.Build.0 = Release|Win32
		{D3628210-F7C5-4239-893C-8324255997C7}.Debug|x64.ActiveCfg = Debug|x64
		{D3628210-F7C5-4239-893C-8324255997C7}.Debug|x64.Build.0 = Debug|x64
		{D3628210-F7C5-4239-893C-8324255997C7}.Debug|x86.ActiveCfg = Debug|Win32
		{D3628210-F7C5-4239-893C-8324255997C7}.Debug|x86.Build.0 = Debug|Win32
		{D3628210-F7C5-4239-893C-8324255997C7}.Release|x64.ActiveCfg = Release|x64
		{D3628210-F7C5-4239-893C-8324255997C7}.Release|x64.Build.0 = Release|x64
		{D3628210-F7C5-4239-893C-8324255997C7}.Release|x86.ActiveCfg = Release|Win32
		{D3628210-F7C5-4239-893C-8324255997C7}.Release|x86.Build.0 = Release|Win32
		{FE713A8E-E658-46CF-9633-C78A70405365}.Debug|x64.ActiveCfg = Debug|x64
		{FE713A8E-E658-46CF-9633-C78A70405365}.Debug|x64.Build.0 = Debug|x64
		{FE713A8E-E658-46CF-9633-C78A70405365}.Debug|x86.ActiveCfg = Debug|Win32
		{FE713A8E-E658-46CF-9633-C78A70405365}.Debug|x86.Build.0 = Debug|Win32
		{FE713A8E-E658-46CF-9633-C78A70405365}.Release|x64.ActiveCfg = Release|x64
		{FE713A8E-E658-46CF-9633-C78A70405365}.Release|x64.Build.0 = Release|x64
		{FE713A8E-E658-46CF-9633-C78A70405365}.Release|x86.ActiveCfg = Release|Win32
		{FE713A8E-E658-46CF-9633-C78A70405365}.Release|x86.Build.0 = Release|Win32
		{5427AFFA-283D-42E3-A951-99C069F7CA20}.Debug|x64.ActiveCfg = Debug|x64
		{5427AFFA-283D-42E3-A951-99C069F7CA20}.Debug|x64.Build.0 = Debug|x64
		{5427AFFA-283D-42E3-A951-99C069F7CA20}.Debug|x86.ActiveCfg = Debug|Win32
		{5427AFFA-283D-42E3-A951-99C069F7CA20}.Debug|x86.Build.0 = Debug|Win32
		{5427AFFA-283D-42E3-A951-99C069F7CA20}.Release|x64.ActiveCfg = Release|x64
		{5427AFFA-283D-42E3-A951-99C069F7CA20}.Release|x64.Build.0 = Release|x64
		{5427AFFA-283D-42E3-A951-99C069F7CA20}.Release|x86.ActiveCfg = Release|Win32
		{5427AFFA-283D-42E3-A951-99C069F7CA20}.Release|x86.Build.0 = Release|Win32
		{4368BEBE-8674-41FF-BD6A-93EACFE3C25C}.Debug|x64.ActiveCfg = Debug|x64
		{4368BEBE-8674-41FF-BD6A-93EACFE3C25C}.Debug|x64.Build.0 = Debug|x64
		{4368BEBE-8674-41FF-BD6A-93EACFE3C25C}.Debug|x86.ActiveCfg = Debug|Win32
		{4368BEBE-8674-41FF-BD6A-93EACFE3C25C}.Debug|x86.Build.0 = Debug|Win32
		{4368BEBE-8674-41FF-BD6A-93EACFE3C25C}.Release|x64.ActiveCfg = Release|x64
		{4368BEBE-8674-41FF-BD6A-93EACFE3C25C}.Release|x64.Build.0 = Release|x64
		{4368BEBE-8674-41FF-BD6A-93EACFE3C25C}.Release|x86.ActiveCfg = Release|Win32
		{4368BEBE-8674-41FF-BD6A-93EACFE3C25C}.Release|x86.Build.0 = Release|Win32
		{378FDF4C-E6EE-403B-8F2F-0A6CF4568D8B}.Debug|x64.ActiveCfg = Debug|x64
		{378FDF4C-E6EE-403B-8F2F-0A6CF4568D8B}.Debug|x64.Build.0 = Debug|x64
		{378FDF4C-E6EE-403B-8F2F-0A6CF4568D8B}.Debug|x86.ActiveCfg = Debug|Win32
		{378FDF4C-E6EE-403B-8F2F-0A6CF4568D8B}.Debug|x86.Build.0 = Debug|Win32
		{378FDF4C-E6EE-403B-8F2F-0A6CF4568D8B}.Release|x64.ActiveCfg = Release|x64
		{378FDF4C-E6EE-403B-8F2F-0A6CF4568D8B}.Release|x64.Build.0 = Release|x64
		{378FDF4C-E6EE-403B-8F2F-0A6CF4568D8B}.Release|x86.ActiveCfg = Release|Win32
		{378FDF4C-E6EE-403B-8F2F-0A6CF4568D8B}.Release|x86.Build.0 = Release|Win32
		{7CCFA05E-5FAF-4C46-8BA1-29689D4D9C9E}.Debug|x64.ActiveCfg = Debug|x64
		{7CCFA05E-5FAF-4C46-8BA1-29689D4D9C9E}.Debug|x64.Build.0 = Debug|x64
		{7CCFA05E-5FAF-4C46-8BA1-29689D4D9C9E}.Debug|x86.ActiveCfg = Debug|Win32
		{7CCFA05E-5FAF-4C46-8BA1-29689D4D9C9E}.Debug|x86.Build.0 = Debug|Win32
		{7CCFA05E-5FAF-4C46-8BA1-29689D4D9C9E}.Release|x64.ActiveCfg = Release|x64
		{7CCFA05E-5FAF-4C46-8BA1-29689D4D9C9E}.Release|x64.Build.0 = Release|x64
		{7CCFA05E-5FAF-4C46-8BA1-29689D4D9C9E}.Release|x86.ActiveCfg = Release|Win32
		{7CCFA05E-5FAF-4C46-8BA1-29689D4D9C9E}.Release|x86.Build.0 = Release|Win32
		{457810F5-47A6-45D6-8408-AA5640117FC9}.Debug|x64.ActiveCfg = Debug|x64
		{457810F5-47A6-45D6-8408-AA5640117FC9}.Debug|x64.Build.0 = Debug|x64
		{457810F5-47A6-45D6-8408-AA5640117FC9}.Debug|x86.ActiveCfg = Debug|Win32
		{457810F5-47A6-45D6-8408-AA5640117FC9}.Debug|x86.Build.0 = Debug|Win32
		{457810F5-47A6-45D6-8408-AA5640117FC9}.Release|x64.ActiveCfg = Release|x64
		{457810F5-47A6-45D6-8408-AA5640117FC9}.Release|x64.Build.0 = Release|x64
		{457810F5-47A6-45D6-8408-AA5640117FC9}.Release|x86.ActiveCfg = Release|Win32
		{457810F5-47A6-45D6-8408-AA5640117FC9}.Release|x86.Build.0 = Release|Win32
	EndGlobalSection
	GlobalSection(SolutionProperties) = preSolution
		HideSolutionNode = FALSE
	EndGlobalSection
	GlobalSection(ExtensibilityGlobals) = postSolution
		SolutionGuid = {738E8CFD-48AF-4D71-97FF-EA638FC2DF4F}
	EndGlobalSection
EndGlobal
